
Microsoft Visual Studio Solution File, Format Version 12.00
# Visual Studio 2017
Project("{FAE04EC0-301F-11D3-BF4B-00C04F79EFBC}") = "The End", "The End.csproj", "{8E7F93F3-A4C2-5BA5-0D35-7B3F945838AF}"
EndProject
Project("{FAE04EC0-301F-11D3-BF4B-00C04F79EFBC}") = "The End.Editor", "The End.Editor.csproj", "{56422DBE-1B09-99F1-29F2-465F3A56A5A9}"
EndProject
Global
	GlobalSection(SolutionConfigurationPlatforms) = preSolution
		Debug|Any CPU = Debug|Any CPU
		Release|Any CPU = Release|Any CPU
	EndGlobalSection
	GlobalSection(ProjectConfigurationPlatforms) = postSolution
		{8E7F93F3-A4C2-5BA5-0D35-7B3F945838AF}.Debug|Any CPU.ActiveCfg = Debug|Any CPU
		{8E7F93F3-A4C2-5BA5-0D35-7B3F945838AF}.Debug|Any CPU.Build.0 = Debug|Any CPU
		{8E7F93F3-A4C2-5BA5-0D35-7B3F945838AF}.Release|Any CPU.ActiveCfg = Release|Any CPU
		{8E7F93F3-A4C2-5BA5-0D35-7B3F945838AF}.Release|Any CPU.Build.0 = Release|Any CPU
		{56422DBE-1B09-99F1-29F2-465F3A56A5A9}.Debug|Any CPU.ActiveCfg = Debug|Any CPU
		{56422DBE-1B09-99F1-29F2-465F3A56A5A9}.Debug|Any CPU.Build.0 = Debug|Any CPU
		{56422DBE-1B09-99F1-29F2-465F3A56A5A9}.Release|Any CPU.ActiveCfg = Release|Any CPU
		{56422DBE-1B09-99F1-29F2-465F3A56A5A9}.Release|Any CPU.Build.0 = Release|Any CPU
	EndGlobalSection
	GlobalSection(SolutionProperties) = preSolution
		HideSolutionNode = FALSE
	EndGlobalSection
EndGlobal
